// !$*UTF8*$!
{
	archiveVersion = 1;
	classes = {
	};
	objectVersion = 77;
	objects = {

/* Begin PBXBuildFile section */
		2AB81C392D6E4F25001ADB82 /* FirebaseAnalytics in Frameworks */ = {isa = PBXBuildFile; productRef = 2AB81C382D6E4F25001ADB82 /* FirebaseAnalytics */; };
		2AB81C3B2D6E4F25001ADB82 /* FirebaseAuth in Frameworks */ = {isa = PBXBuildFile; productRef = 2AB81C3A2D6E4F25001ADB82 /* FirebaseAuth */; };
		2AB81C3D2D6E4F25001ADB82 /* FirebaseAuthCombine-Community in Frameworks */ = {isa = PBXBuildFile; productRef = 2AB81C3C2D6E4F25001ADB82 /* FirebaseAuthCombine-Community */; };
		2AB81C3F2D6E4F25001ADB82 /* FirebaseCore in Frameworks */ = {isa = PBXBuildFile; productRef = 2AB81C3E2D6E4F25001ADB82 /* FirebaseCore */; };
		2AB81C412D6E4F25001ADB82 /* FirebaseDatabase in Frameworks */ = {isa = PBXBuildFile; productRef = 2AB81C402D6E4F25001ADB82 /* FirebaseDatabase */; };
		2AB81C432D6E4F25001ADB82 /* FirebaseFirestore in Frameworks */ = {isa = PBXBuildFile; productRef = 2AB81C422D6E4F25001ADB82 /* FirebaseFirestore */; };
		2AB81C452D6E4F25001ADB82 /* FirebaseFirestoreCombine-Community in Frameworks */ = {isa = PBXBuildFile; productRef = 2AB81C442D6E4F25001ADB82 /* FirebaseFirestoreCombine-Community */; };
		2AB971522D6FA53D009B671D /* AgentsExtention.appex in Embed Foundation Extensions */ = {isa = PBXBuildFile; fileRef = 2AB9714B2D6FA53D009B671D /* AgentsExtention.appex */; settings = {ATTRIBUTES = (RemoveHeadersOnCopy, ); }; };
/* End PBXBuildFile section */

/* Begin PBXContainerItemProxy section */
		2AB971502D6FA53D009B671D /* PBXContainerItemProxy */ = {
			isa = PBXContainerItemProxy;
			containerPortal = 2AB81C1C2D6E4E85001ADB82 /* Project object */;
			proxyType = 1;
			remoteGlobalIDString = 2AB9714A2D6FA53D009B671D;
			remoteInfo = AgentsExtention;
		};
/* End PBXContainerItemProxy section */

/* Begin PBXCopyFilesBuildPhase section */
		2AB971572D6FA53D009B671D /* Embed Foundation Extensions */ = {
			isa = PBXCopyFilesBuildPhase;
			buildActionMask = 2147483647;
			dstPath = "";
			dstSubfolderSpec = 13;
			files = (
				2AB971522D6FA53D009B671D /* AgentsExtention.appex in Embed Foundation Extensions */,
			);
			name = "Embed Foundation Extensions";
			runOnlyForDeploymentPostprocessing = 0;
		};
/* End PBXCopyFilesBuildPhase section */

/* Begin PBXFileReference section */
		2AB81C242D6E4E85001ADB82 /* RealtId.app */ = {isa = PBXFileReference; explicitFileType = wrapper.application; includeInIndex = 0; path = RealtId.app; sourceTree = BUILT_PRODUCTS_DIR; };
		2AB9714B2D6FA53D009B671D /* AgentsExtention.appex */ = {isa = PBXFileReference; explicitFileType = "wrapper.app-extension"; includeInIndex = 0; path = AgentsExtention.appex; sourceTree = BUILT_PRODUCTS_DIR; };
/* End PBXFileReference section */

/* Begin PBXFileSystemSynchronizedBuildFileExceptionSet section */
		2AB971532D6FA53D009B671D /* Exceptions for "AgentsExtention" folder in "AgentsExtention" target */ = {
			isa = PBXFileSystemSynchronizedBuildFileExceptionSet;
			membershipExceptions = (
				Info.plist,
			);
			target = 2AB9714A2D6FA53D009B671D /* AgentsExtention */;
		};
/* End PBXFileSystemSynchronizedBuildFileExceptionSet section */

/* Begin PBXFileSystemSynchronizedRootGroup section */
		2AB81C262D6E4E85001ADB82 /* RealtId */ = {
			isa = PBXFileSystemSynchronizedRootGroup;
			path = RealtId;
			sourceTree = "<group>";
		};
		2AB9714C2D6FA53D009B671D /* AgentsExtention */ = {
			isa = PBXFileSystemSynchronizedRootGroup;
			exceptions = (
				2AB971532D6FA53D009B671D /* Exceptions for "AgentsExtention" folder in "AgentsExtention" target */,
			);
			path = AgentsExtention;
			sourceTree = "<group>";
		};
/* End PBXFileSystemSynchronizedRootGroup section */

/* Begin PBXFrameworksBuildPhase section */
		2AB81C212D6E4E85001ADB82 /* Frameworks */ = {
			isa = PBXFrameworksBuildPhase;
			buildActionMask = 2147483647;
			files = (
				2AB81C412D6E4F25001ADB82 /* FirebaseDatabase in Frameworks */,
				2AB81C392D6E4F25001ADB82 /* FirebaseAnalytics in Frameworks */,
				2AB81C3D2D6E4F25001ADB82 /* FirebaseAuthCombine-Community in Frameworks */,
				2AB81C3F2D6E4F25001ADB82 /* FirebaseCore in Frameworks */,
				2AB81C3B2D6E4F25001ADB82 /* FirebaseAuth in Frameworks */,
				2AB81C432D6E4F25001ADB82 /* FirebaseFirestore in Frameworks */,
				2AB81C452D6E4F25001ADB82 /* FirebaseFirestoreCombine-Community in Frameworks */,
			);
			runOnlyForDeploymentPostprocessing = 0;
		};
		2AB971482D6FA53D009B671D /* Frameworks */ = {
			isa = PBXFrameworksBuildPhase;
			buildActionMask = 2147483647;
			files = (
			);
			runOnlyForDeploymentPostprocessing = 0;
		};
/* End PBXFrameworksBuildPhase section */

/* Begin PBXGroup section */
		2AB81C1B2D6E4E85001ADB82 = {
			isa = PBXGroup;
			children = (
				2AB81C262D6E4E85001ADB82 /* RealtId */,
				2AB9714C2D6FA53D009B671D /* AgentsExtention */,
				2AB81C252D6E4E85001ADB82 /* Products */,
			);
			sourceTree = "<group>";
		};
		2AB81C252D6E4E85001ADB82 /* Products */ = {
			isa = PBXGroup;
			children = (
				2AB81C242D6E4E85001ADB82 /* RealtId.app */,
				2AB9714B2D6FA53D009B671D /* AgentsExtention.appex */,
			);
			name = Products;
			sourceTree = "<group>";
		};
/* End PBXGroup section */

/* Begin PBXNativeTarget section */
		2AB81C232D6E4E85001ADB82 /* RealtId */ = {
			isa = PBXNativeTarget;
			buildConfigurationList = 2AB81C322D6E4E87001ADB82 /* Build configuration list for PBXNativeTarget "RealtId" */;
			buildPhases = (
				2AB81C202D6E4E85001ADB82 /* Sources */,
				2AB81C212D6E4E85001ADB82 /* Frameworks */,
				2AB81C222D6E4E85001ADB82 /* Resources */,
				2AB971572D6FA53D009B671D /* Embed Foundation Extensions */,
			);
			buildRules = (
			);
			dependencies = (
				2AB971512D6FA53D009B671D /* PBXTargetDependency */,
			);
			fileSystemSynchronizedGroups = (
				2AB81C262D6E4E85001ADB82 /* RealtId */,
			);
			name = RealtId;
			packageProductDependencies = (
				2AB81C382D6E4F25001ADB82 /* FirebaseAnalytics */,
				2AB81C3A2D6E4F25001ADB82 /* FirebaseAuth */,
				2AB81C3C2D6E4F25001ADB82 /* FirebaseAuthCombine-Community */,
				2AB81C3E2D6E4F25001ADB82 /* FirebaseCore */,
				2AB81C402D6E4F25001ADB82 /* FirebaseDatabase */,
				2AB81C422D6E4F25001ADB82 /* FirebaseFirestore */,
				2AB81C442D6E4F25001ADB82 /* FirebaseFirestoreCombine-Community */,
			);
			productName = RealtId;
			productReference = 2AB81C242D6E4E85001ADB82 /* RealtId.app */;
			productType = "com.apple.product-type.application";
		};
		2AB9714A2D6FA53D009B671D /* AgentsExtention */ = {
			isa = PBXNativeTarget;
			buildConfigurationList = 2AB971542D6FA53D009B671D /* Build configuration list for PBXNativeTarget "AgentsExtention" */;
			buildPhases = (
				2AB971472D6FA53D009B671D /* Sources */,
				2AB971482D6FA53D009B671D /* Frameworks */,
				2AB971492D6FA53D009B671D /* Resources */,
			);
			buildRules = (
			);
			dependencies = (
			);
			fileSystemSynchronizedGroups = (
				2AB9714C2D6FA53D009B671D /* AgentsExtention */,
			);
			name = AgentsExtention;
			packageProductDependencies = (
			);
			productName = AgentsExtention;
			productReference = 2AB9714B2D6FA53D009B671D /* AgentsExtention.appex */;
			productType = "com.apple.product-type.app-extension";
		};
/* End PBXNativeTarget section */

/* Begin PBXProject section */
		2AB81C1C2D6E4E85001ADB82 /* Project object */ = {
			isa = PBXProject;
			attributes = {
				BuildIndependentTargetsInParallel = 1;
				LastSwiftUpdateCheck = 1620;
				LastUpgradeCheck = 1620;
				TargetAttributes = {
					2AB81C232D6E4E85001ADB82 = {
						CreatedOnToolsVersion = 16.2;
					};
					2AB9714A2D6FA53D009B671D = {
						CreatedOnToolsVersion = 16.2;
					};
				};
			};
			buildConfigurationList = 2AB81C1F2D6E4E85001ADB82 /* Build configuration list for PBXProject "RealtId" */;
			developmentRegion = en;
			hasScannedForEncodings = 0;
			knownRegions = (
				en,
				Base,
			);
			mainGroup = 2AB81C1B2D6E4E85001ADB82;
			minimizedProjectReferenceProxies = 1;
			packageReferences = (
				2AB81C372D6E4F25001ADB82 /* XCRemoteSwiftPackageReference "firebase-ios-sdk" */,
			);
			preferredProjectObjectVersion = 77;
			productRefGroup = 2AB81C252D6E4E85001ADB82 /* Products */;
			projectDirPath = "";
			projectRoot = "";
			targets = (
				2AB81C232D6E4E85001ADB82 /* RealtId */,
				2AB9714A2D6FA53D009B671D /* AgentsExtention */,
			);
		};
/* End PBXProject section */

/* Begin PBXResourcesBuildPhase section */
		2AB81C222D6E4E85001ADB82 /* Resources */ = {
			isa = PBXResourcesBuildPhase;
			buildActionMask = 2147483647;
			files = (
			);
			runOnlyForDeploymentPostprocessing = 0;
		};
		2AB971492D6FA53D009B671D /* Resources */ = {
			isa = PBXResourcesBuildPhase;
			buildActionMask = 2147483647;
			files = (
			);
			runOnlyForDeploymentPostprocessing = 0;
		};
/* End PBXResourcesBuildPhase section */

/* Begin PBXSourcesBuildPhase section */
		2AB81C202D6E4E85001ADB82 /* Sources */ = {
			isa = PBXSourcesBuildPhase;
			buildActionMask = 2147483647;
			files = (
			);
			runOnlyForDeploymentPostprocessing = 0;
		};
		2AB971472D6FA53D009B671D /* Sources */ = {
			isa = PBXSourcesBuildPhase;
			buildActionMask = 2147483647;
			files = (
			);
			runOnlyForDeploymentPostprocessing = 0;
		};
/* End PBXSourcesBuildPhase section */

/* Begin PBXTargetDependency section */
		2AB971512D6FA53D009B671D /* PBXTargetDependency */ = {
			isa = PBXTargetDependency;
			target = 2AB9714A2D6FA53D009B671D /* AgentsExtention */;
			targetProxy = 2AB971502D6FA53D009B671D /* PBXContainerItemProxy */;
		};
/* End PBXTargetDependency section */

/* Begin XCBuildConfiguration section */
		2AB81C302D6E4E87001ADB82 /* Debug */ = {
			isa = XCBuildConfiguration;
			buildSettings = {
				ALWAYS_SEARCH_USER_PATHS = NO;
				ASSETCATALOG_COMPILER_GENERATE_SWIFT_ASSET_SYMBOL_EXTENSIONS = YES;
				CLANG_ANALYZER_NONNULL = YES;
				CLANG_ANALYZER_NUMBER_OBJECT_CONVERSION = YES_AGGRESSIVE;
				CLANG_CXX_LANGUAGE_STANDARD = "gnu++20";
				CLANG_ENABLE_MODULES = YES;
				CLANG_ENABLE_OBJC_ARC = YES;
				CLANG_ENABLE_OBJC_WEAK = YES;
				CLANG_WARN_BLOCK_CAPTURE_AUTORELEASING = YES;
				CLANG_WARN_BOOL_CONVERSION = YES;
				CLANG_WARN_COMMA = YES;
				CLANG_WARN_CONSTANT_CONVERSION = YES;
				CLANG_WARN_DEPRECATED_OBJC_IMPLEMENTATIONS = YES;
				CLANG_WARN_DIRECT_OBJC_ISA_USAGE = YES_ERROR;
				CLANG_WARN_DOCUMENTATION_COMMENTS = YES;
				CLANG_WARN_EMPTY_BODY = YES;
				CLANG_WARN_ENUM_CONVERSION = YES;
				CLANG_WARN_INFINITE_RECURSION = YES;
				CLANG_WARN_INT_CONVERSION = YES;
				CLANG_WARN_NON_LITERAL_NULL_CONVERSION = YES;
				CLANG_WARN_OBJC_IMPLICIT_RETAIN_SELF = YES;
				CLANG_WARN_OBJC_LITERAL_CONVERSION = YES;
				CLANG_WARN_OBJC_ROOT_CLASS = YES_ERROR;
				CLANG_WARN_QUOTED_INCLUDE_IN_FRAMEWORK_HEADER = YES;
				CLANG_WARN_RANGE_LOOP_ANALYSIS = YES;
				CLANG_WARN_STRICT_PROTOTYPES = YES;
				CLANG_WARN_SUSPICIOUS_MOVE = YES;
				CLANG_WARN_UNGUARDED_AVAILABILITY = YES_AGGRESSIVE;
				CLANG_WARN_UNREACHABLE_CODE = YES;
				CLANG_WARN__DUPLICATE_METHOD_MATCH = YES;
				COPY_PHASE_STRIP = NO;
				DEBUG_INFORMATION_FORMAT = dwarf;
				ENABLE_STRICT_OBJC_MSGSEND = YES;
				ENABLE_TESTABILITY = YES;
				ENABLE_USER_SCRIPT_SANDBOXING = YES;
				GCC_C_LANGUAGE_STANDARD = gnu17;
				GCC_DYNAMIC_NO_PIC = NO;
				GCC_NO_COMMON_BLOCKS = YES;
				GCC_OPTIMIZATION_LEVEL = 0;
				GCC_PREPROCESSOR_DEFINITIONS = (
					"DEBUG=1",
					"$(inherited)",
				);
				GCC_WARN_64_TO_32_BIT_CONVERSION = YES;
				GCC_WARN_ABOUT_RETURN_TYPE = YES_ERROR;
				GCC_WARN_UNDECLARED_SELECTOR = YES;
				GCC_WARN_UNINITIALIZED_AUTOS = YES_AGGRESSIVE;
				GCC_WARN_UNUSED_FUNCTION = YES;
				GCC_WARN_UNUSED_VARIABLE = YES;
				IPHONEOS_DEPLOYMENT_TARGET = 18.2;
				LOCALIZATION_PREFERS_STRING_CATALOGS = YES;
				MTL_ENABLE_DEBUG_INFO = INCLUDE_SOURCE;
				MTL_FAST_MATH = YES;
				ONLY_ACTIVE_ARCH = YES;
				SDKROOT = iphoneos;
				SWIFT_ACTIVE_COMPILATION_CONDITIONS = "DEBUG $(inherited)";
				SWIFT_OPTIMIZATION_LEVEL = "-Onone";
			};
			name = Debug;
		};
		2AB81C312D6E4E87001ADB82 /* Release */ = {
			isa = XCBuildConfiguration;
			buildSettings = {
				ALWAYS_SEARCH_USER_PATHS = NO;
				ASSETCATALOG_COMPILER_GENERATE_SWIFT_ASSET_SYMBOL_EXTENSIONS = YES;
				CLANG_ANALYZER_NONNULL = YES;
				CLANG_ANALYZER_NUMBER_OBJECT_CONVERSION = YES_AGGRESSIVE;
				CLANG_CXX_LANGUAGE_STANDARD = "gnu++20";
				CLANG_ENABLE_MODULES = YES;
				CLANG_ENABLE_OBJC_ARC = YES;
				CLANG_ENABLE_OBJC_WEAK = YES;
				CLANG_WARN_BLOCK_CAPTURE_AUTORELEASING = YES;
				CLANG_WARN_BOOL_CONVERSION = YES;
				CLANG_WARN_COMMA = YES;
				CLANG_WARN_CONSTANT_CONVERSION = YES;
				CLANG_WARN_DEPRECATED_OBJC_IMPLEMENTATIONS = YES;
				CLANG_WARN_DIRECT_OBJC_ISA_USAGE = YES_ERROR;
				CLANG_WARN_DOCUMENTATION_COMMENTS = YES;
				CLANG_WARN_EMPTY_BODY = YES;
				CLANG_WARN_ENUM_CONVERSION = YES;
				CLANG_WARN_INFINITE_RECURSION = YES;
				CLANG_WARN_INT_CONVERSION = YES;
				CLANG_WARN_NON_LITERAL_NULL_CONVERSION = YES;
				CLANG_WARN_OBJC_IMPLICIT_RETAIN_SELF = YES;
				CLANG_WARN_OBJC_LITERAL_CONVERSION = YES;
				CLANG_WARN_OBJC_ROOT_CLASS = YES_ERROR;
				CLANG_WARN_QUOTED_INCLUDE_IN_FRAMEWORK_HEADER = YES;
				CLANG_WARN_RANGE_LOOP_ANALYSIS = YES;
				CLANG_WARN_STRICT_PROTOTYPES = YES;
				CLANG_WARN_SUSPICIOUS_MOVE = YES;
				CLANG_WARN_UNGUARDED_AVAILABILITY = YES_AGGRESSIVE;
				CLANG_WARN_UNREACHABLE_CODE = YES;
				CLANG_WARN__DUPLICATE_METHOD_MATCH = YES;
				COPY_PHASE_STRIP = NO;
				DEBUG_INFORMATION_FORMAT = "dwarf-with-dsym";
				ENABLE_NS_ASSERTIONS = NO;
				ENABLE_STRICT_OBJC_MSGSEND = YES;
				ENABLE_USER_SCRIPT_SANDBOXING = YES;
				GCC_C_LANGUAGE_STANDARD = gnu17;
				GCC_NO_COMMON_BLOCKS = YES;
				GCC_WARN_64_TO_32_BIT_CONVERSION = YES;
				GCC_WARN_ABOUT_RETURN_TYPE = YES_ERROR;
				GCC_WARN_UNDECLARED_SELECTOR = YES;
				GCC_WARN_UNINITIALIZED_AUTOS = YES_AGGRESSIVE;
				GCC_WARN_UNUSED_FUNCTION = YES;
				GCC_WARN_UNUSED_VARIABLE = YES;
				IPHONEOS_DEPLOYMENT_TARGET = 18.2;
				LOCALIZATION_PREFERS_STRING_CATALOGS = YES;
				MTL_ENABLE_DEBUG_INFO = NO;
				MTL_FAST_MATH = YES;
				SDKROOT = iphoneos;
				SWIFT_COMPILATION_MODE = wholemodule;
				VALIDATE_PRODUCT = YES;
			};
			name = Release;
		};
		2AB81C332D6E4E87001ADB82 /* Debug */ = {
			isa = XCBuildConfiguration;
			buildSettings = {
				ASSETCATALOG_COMPILER_APPICON_NAME = AppIcon;
				ASSETCATALOG_COMPILER_GLOBAL_ACCENT_COLOR_NAME = AccentColor;
				CODE_SIGN_ENTITLEMENTS = RealtId/RealtId.entitlements;
				CODE_SIGN_IDENTITY = "Apple Development";
				CODE_SIGN_STYLE = Automatic;
				CURRENT_PROJECT_VERSION = 1;
				DEVELOPMENT_ASSET_PATHS = "\"RealtId/Preview Content\"";
				DEVELOPMENT_TEAM = 7328NRHXBW;
				ENABLE_PREVIEWS = YES;
				GENERATE_INFOPLIST_FILE = YES;
				INFOPLIST_KEY_LSApplicationCategoryType = "public.app-category.productivity";
				INFOPLIST_KEY_UIApplicationSceneManifest_Generation = YES;
				INFOPLIST_KEY_UIApplicationSupportsIndirectInputEvents = YES;
				INFOPLIST_KEY_UILaunchScreen_Generation = YES;
				INFOPLIST_KEY_UIStatusBarStyle = "";
				INFOPLIST_KEY_UISupportedInterfaceOrientations = "UIInterfaceOrientationLandscapeLeft UIInterfaceOrientationLandscapeRight UIInterfaceOrientationPortrait UIInterfaceOrientationPortraitUpsideDown";
				IPHONEOS_DEPLOYMENT_TARGET = 18.0;
				LD_RUNPATH_SEARCH_PATHS = (
					"$(inherited)",
					"@executable_path/Frameworks",
				);
				MARKETING_VERSION = 1.0;
				PRODUCT_BUNDLE_IDENTIFIER = leksovich.RealtId;
				PRODUCT_NAME = "$(TARGET_NAME)";
				PROVISIONING_PROFILE_SPECIFIER = "";
				SWIFT_EMIT_LOC_STRINGS = YES;
				SWIFT_VERSION = 5.0;
				TARGETED_DEVICE_FAMILY = "1,2";
			};
			name = Debug;
		};
		2AB81C342D6E4E87001ADB82 /* Release */ = {
			isa = XCBuildConfiguration;
			buildSettings = {
				ASSETCATALOG_COMPILER_APPICON_NAME = AppIcon;
				ASSETCATALOG_COMPILER_GLOBAL_ACCENT_COLOR_NAME = AccentColor;
				CODE_SIGN_ENTITLEMENTS = RealtId/RealtId.entitlements;
				CODE_SIGN_IDENTITY = "Apple Development";
				CODE_SIGN_STYLE = Automatic;
				CURRENT_PROJECT_VERSION = 1;
				DEVELOPMENT_ASSET_PATHS = "\"RealtId/Preview Content\"";
				DEVELOPMENT_TEAM = 7328NRHXBW;
				ENABLE_PREVIEWS = YES;
				GENERATE_INFOPLIST_FILE = YES;
				INFOPLIST_KEY_LSApplicationCategoryType = "public.app-category.productivity";
				INFOPLIST_KEY_UIApplicationSceneManifest_Generation = YES;
				INFOPLIST_KEY_UIApplicationSupportsIndirectInputEvents = YES;
				INFOPLIST_KEY_UILaunchScreen_Generation = YES;
				INFOPLIST_KEY_UIStatusBarStyle = "";
				INFOPLIST_KEY_UISupportedInterfaceOrientations = "UIInterfaceOrientationLandscapeLeft UIInterfaceOrientationLandscapeRight UIInterfaceOrientationPortrait UIInterfaceOrientationPortraitUpsideDown";
				IPHONEOS_DEPLOYMENT_TARGET = 18.0;
				LD_RUNPATH_SEARCH_PATHS = (
					"$(inherited)",
					"@executable_path/Frameworks",
				);
				MARKETING_VERSION = 1.0;
				PRODUCT_BUNDLE_IDENTIFIER = leksovich.RealtId;
				PRODUCT_NAME = "$(TARGET_NAME)";
				PROVISIONING_PROFILE_SPECIFIER = "";
				SWIFT_EMIT_LOC_STRINGS = YES;
				SWIFT_VERSION = 5.0;
				TARGETED_DEVICE_FAMILY = "1,2";
			};
			name = Release;
		};
		2AB971552D6FA53D009B671D /* Debug */ = {
			isa = XCBuildConfiguration;
			buildSettings = {
				ARCHS = "$(ARCHS_STANDARD_64_BIT)";
				CODE_SIGN_ENTITLEMENTS = AgentsExtention/AgentsExtention.entitlements;
				CODE_SIGN_STYLE = Automatic;
				CURRENT_PROJECT_VERSION = 1;
				DEVELOPMENT_TEAM = 7328NRHXBW;
				GENERATE_INFOPLIST_FILE = YES;
				INFOPLIST_FILE = AgentsExtention/Info.plist;
				INFOPLIST_KEY_CFBundleDisplayName = AgentsExtention;
				INFOPLIST_KEY_NSHumanReadableCopyright = "";
				LD_RUNPATH_SEARCH_PATHS = (
					"$(inherited)",
					"@executable_path/Frameworks",
					"@executable_path/../../Frameworks",
				);
				MARKETING_VERSION = 1.0;
				PRODUCT_BUNDLE_IDENTIFIER = leksovich.RealtId.AgentsExtention;
				PRODUCT_NAME = "$(TARGET_NAME)";
				SKIP_INSTALL = YES;
				SWIFT_EMIT_LOC_STRINGS = YES;
				SWIFT_VERSION = 5.0;
				TARGETED_DEVICE_FAMILY = "1,2";
			};
			name = Debug;
		};
		2AB971562D6FA53D009B671D /* Release */ = {
			isa = XCBuildConfiguration;
			buildSettings = {
				ARCHS = "$(ARCHS_STANDARD_64_BIT)";
				CODE_SIGN_ENTITLEMENTS = AgentsExtention/AgentsExtention.entitlements;
				CODE_SIGN_STYLE = Automatic;
				CURRENT_PROJECT_VERSION = 1;
				DEVELOPMENT_TEAM = 7328NRHXBW;
				GENERATE_INFOPLIST_FILE = YES;
				INFOPLIST_FILE = AgentsExtention/Info.plist;
				INFOPLIST_KEY_CFBundleDisplayName = AgentsExtention;
				INFOPLIST_KEY_NSHumanReadableCopyright = "";
				LD_RUNPATH_SEARCH_PATHS = (
					"$(inherited)",
					"@executable_path/Frameworks",
					"@executable_path/../../Frameworks",
				);
				MARKETING_VERSION = 1.0;
				PRODUCT_BUNDLE_IDENTIFIER = leksovich.RealtId.AgentsExtention;
				PRODUCT_NAME = "$(TARGET_NAME)";
				SKIP_INSTALL = YES;
				SWIFT_EMIT_LOC_STRINGS = YES;
				SWIFT_VERSION = 5.0;
				TARGETED_DEVICE_FAMILY = "1,2";
			};
			name = Release;
		};
/* End XCBuildConfiguration section */

/* Begin XCConfigurationList section */
		2AB81C1F2D6E4E85001ADB82 /* Build configuration list for PBXProject "RealtId" */ = {
			isa = XCConfigurationList;
			buildConfigurations = (
				2AB81C302D6E4E87001ADB82 /* Debug */,
				2AB81C312D6E4E87001ADB82 /* Release */,
			);
			defaultConfigurationIsVisible = 0;
			defaultConfigurationName = Release;
		};
		2AB81C322D6E4E87001ADB82 /* Build configuration list for PBXNativeTarget "RealtId" */ = {
			isa = XCConfigurationList;
			buildConfigurations = (
				2AB81C332D6E4E87001ADB82 /* Debug */,
				2AB81C342D6E4E87001ADB82 /* Release */,
			);
			defaultConfigurationIsVisible = 0;
			defaultConfigurationName = Release;
		};
		2AB971542D6FA53D009B671D /* Build configuration list for PBXNativeTarget "AgentsExtention" */ = {
			isa = XCConfigurationList;
			buildConfigurations = (
				2AB971552D6FA53D009B671D /* Debug */,
				2AB971562D6FA53D009B671D /* Release */,
			);
			defaultConfigurationIsVisible = 0;
			defaultConfigurationName = Release;
		};
/* End XCConfigurationList section */

/* Begin XCRemoteSwiftPackageReference section */
		2AB81C372D6E4F25001ADB82 /* XCRemoteSwiftPackageReference "firebase-ios-sdk" */ = {
			isa = XCRemoteSwiftPackageReference;
			repositoryURL = "https://github.com/firebase/firebase-ios-sdk";
			requirement = {
				kind = upToNextMajorVersion;
				minimumVersion = 11.8.1;
			};
		};
/* End XCRemoteSwiftPackageReference section */

/* Begin XCSwiftPackageProductDependency section */
		2AB81C382D6E4F25001ADB82 /* FirebaseAnalytics */ = {
			isa = XCSwiftPackageProductDependency;
			package = 2AB81C372D6E4F25001ADB82 /* XCRemoteSwiftPackageReference "firebase-ios-sdk" */;
			productName = FirebaseAnalytics;
		};
		2AB81C3A2D6E4F25001ADB82 /* FirebaseAuth */ = {
			isa = XCSwiftPackageProductDependency;
			package = 2AB81C372D6E4F25001ADB82 /* XCRemoteSwiftPackageReference "firebase-ios-sdk" */;
			productName = FirebaseAuth;
		};
		2AB81C3C2D6E4F25001ADB82 /* FirebaseAuthCombine-Community */ = {
			isa = XCSwiftPackageProductDependency;
			package = 2AB81C372D6E4F25001ADB82 /* XCRemoteSwiftPackageReference "firebase-ios-sdk" */;
			productName = "FirebaseAuthCombine-Community";
		};
		2AB81C3E2D6E4F25001ADB82 /* FirebaseCore */ = {
			isa = XCSwiftPackageProductDependency;
			package = 2AB81C372D6E4F25001ADB82 /* XCRemoteSwiftPackageReference "firebase-ios-sdk" */;
			productName = FirebaseCore;
		};
		2AB81C402D6E4F25001ADB82 /* FirebaseDatabase */ = {
			isa = XCSwiftPackageProductDependency;
			package = 2AB81C372D6E4F25001ADB82 /* XCRemoteSwiftPackageReference "firebase-ios-sdk" */;
			productName = FirebaseDatabase;
		};
		2AB81C422D6E4F25001ADB82 /* FirebaseFirestore */ = {
			isa = XCSwiftPackageProductDependency;
			package = 2AB81C372D6E4F25001ADB82 /* XCRemoteSwiftPackageReference "firebase-ios-sdk" */;
			productName = FirebaseFirestore;
		};
		2AB81C442D6E4F25001ADB82 /* FirebaseFirestoreCombine-Community */ = {
			isa = XCSwiftPackageProductDependency;
			package = 2AB81C372D6E4F25001ADB82 /* XCRemoteSwiftPackageReference "firebase-ios-sdk" */;
			productName = "FirebaseFirestoreCombine-Community";
		};
/* End XCSwiftPackageProductDependency section */
	};
	rootObject = 2AB81C1C2D6E4E85001ADB82 /* Project object */;
}
